{
  "name": "automated_perf",
  "version": "1.0.0",
  "lockfileVersion": 2,
  "requires": true,
  "packages": {
    "": {
      "name": "automated_perf",
      "version": "1.0.0",
      "license": "ISC",
      "devDependencies": {
        "@types/papaparse": "^5.3.7"
      }
    },
    "node_modules/@types/node": {
      "version": "18.15.5",
      "resolved": "https://registry.npmjs.org/@types/node/-/node-18.15.5.tgz",
      "integrity": "sha512-Ark2WDjjZO7GmvsyFFf81MXuGTA/d6oP38anyxWOL6EREyBKAxKoFHwBhaZxCfLRLpO8JgVXwqOwSwa7jRcjew==",
      "dev": true
    },
    "node_modules/@types/papaparse": {
      "version": "5.3.7",
      "resolved": "https://registry.npmjs.org/@types/papaparse/-/papaparse-5.3.7.tgz",
      "integrity": "sha512-f2HKmlnPdCvS0WI33WtCs5GD7X1cxzzS/aduaxSu3I7TbhWlENjSPs6z5TaB9K0J+BH1jbmqTaM+ja5puis4wg==",
      "dev": true,
      "dependencies": {
        "@types/node": "*"
      }
    }
  },
  "dependencies": {
    "@types/node": {
      "version": "18.15.5",
      "resolved": "https://registry.npmjs.org/@types/node/-/node-18.15.5.tgz",
      "integrity": "sha512-Ark2WDjjZO7GmvsyFFf81MXuGTA/d6oP38anyxWOL6EREyBKAxKoFHwBhaZxCfLRLpO8JgVXwqOwSwa7jRcjew==",
      "dev": true
    },
    "@types/papaparse": {
      "version": "5.3.7",
      "resolved": "https://registry.npmjs.org/@types/papaparse/-/papaparse-5.3.7.tgz",
      "integrity": "sha512-f2HKmlnPdCvS0WI33WtCs5GD7X1cxzzS/aduaxSu3I7TbhWlENjSPs6z5TaB9K0J+BH1jbmqTaM+ja5puis4wg==",
      "dev": true,
      "requires": {
        "@types/node": "*"
      }
    }
  }
}
